
Microsoft Visual Studio Solution File, Format Version 12.00
# Visual Studio 15
VisualStudioVersion = 15.0.26124.0
MinimumVisualStudioVersion = 15.0.26124.0
Project("{FAE04EC0-301F-11D3-BF4B-00C04F79EFBC}") = "Cake.Bridge.DependencyInjection", "Cake.Bridge.DependencyInjection\Cake.Bridge.DependencyInjection.csproj", "{62CBD496-C91B-4C6D-B849-C0EC52CC5B52}"
EndProject
Project("{FAE04EC0-301F-11D3-BF4B-00C04F79EFBC}") = "Cake.Bridge.DependencyInjection.Example", "Cake.Bridge.DependencyInjection.Example\Cake.Bridge.DependencyInjection.Example.csproj", "{AA316EE4-7208-4575-8283-7ACD4B57B220}"
EndProject
Global
	GlobalSection(SolutionConfigurationPlatforms) = preSolution
		Debug|Any CPU = Debug|Any CPU
		Debug|x64 = Debug|x64
		Debug|x86 = Debug|x86
		Release|Any CPU = Release|Any CPU
		Release|x64 = Release|x64
		Release|x86 = Release|x86
	EndGlobalSection
	GlobalSection(SolutionProperties) = preSolution
		HideSolutionNode = FALSE
	EndGlobalSection
	GlobalSection(ProjectConfigurationPlatforms) = postSolution
		{62CBD496-C91B-4C6D-B849-C0EC52CC5B52}.Debug|Any CPU.ActiveCfg = Debug|Any CPU
		{62CBD496-C91B-4C6D-B849-C0EC52CC5B52}.Debug|Any CPU.Build.0 = Debug|Any CPU
		{62CBD496-C91B-4C6D-B849-C0EC52CC5B52}.Debug|x64.ActiveCfg = Debug|Any CPU
		{62CBD496-C91B-4C6D-B849-C0EC52CC5B52}.Debug|x64.Build.0 = Debug|Any CPU
		{62CBD496-C91B-4C6D-B849-C0EC52CC5B52}.Debug|x86.ActiveCfg = Debug|Any CPU
		{62CBD496-C91B-4C6D-B849-C0EC52CC5B52}.Debug|x86.Build.0 = Debug|Any CPU
		{62CBD496-C91B-4C6D-B849-C0EC52CC5B52}.Release|Any CPU.ActiveCfg = Release|Any CPU
		{62CBD496-C91B-4C6D-B849-C0EC52CC5B52}.Release|Any CPU.Build.0 = Release|Any CPU
		{62CBD496-C91B-4C6D-B849-C0EC52CC5B52}.Release|x64.ActiveCfg = Release|Any CPU
		{62CBD496-C91B-4C6D-B849-C0EC52CC5B52}.Release|x64.Build.0 = Release|Any CPU
		{62CBD496-C91B-4C6D-B849-C0EC52CC5B52}.Release|x86.ActiveCfg = Release|Any CPU
		{62CBD496-C91B-4C6D-B849-C0EC52CC5B52}.Release|x86.Build.0 = Release|Any CPU
		{AA316EE4-7208-4575-8283-7ACD4B57B220}.Debug|Any CPU.ActiveCfg = Debug|Any CPU
		{AA316EE4-7208-4575-8283-7ACD4B57B220}.Debug|Any CPU.Build.0 = Debug|Any CPU
		{AA316EE4-7208-4575-8283-7ACD4B57B220}.Debug|x64.ActiveCfg = Debug|Any CPU
		{AA316EE4-7208-4575-8283-7ACD4B57B220}.Debug|x64.Build.0 = Debug|Any CPU
		{AA316EE4-7208-4575-8283-7ACD4B57B220}.Debug|x86.ActiveCfg = Debug|Any CPU
		{AA316EE4-7208-4575-8283-7ACD4B57B220}.Debug|x86.Build.0 = Debug|Any CPU
		{AA316EE4-7208-4575-8283-7ACD4B57B220}.Release|Any CPU.ActiveCfg = Release|Any CPU
		{AA316EE4-7208-4575-8283-7ACD4B57B220}.Release|Any CPU.Build.0 = Release|Any CPU
		{AA316EE4-7208-4575-8283-7ACD4B57B220}.Release|x64.ActiveCfg = Release|Any CPU
		{AA316EE4-7208-4575-8283-7ACD4B57B220}.Release|x64.Build.0 = Release|Any CPU
		{AA316EE4-7208-4575-8283-7ACD4B57B220}.Release|x86.ActiveCfg = Release|Any CPU
		{AA316EE4-7208-4575-8283-7ACD4B57B220}.Release|x86.Build.0 = Release|Any CPU
	EndGlobalSection
EndGlobal
